
Microsoft Visual Studio Solution File, Format Version 12.00
# Visual Studio Version 17
VisualStudioVersion = 17.10.35122.118
MinimumVisualStudioVersion = 10.0.40219.1
Project("{FAE04EC0-301F-11D3-BF4B-00C04F79EFBC}") = "NewDigitalPlatform.Start", "NewDigitalPlatform.Start.csproj", "{AC4B4DBA-FBDB-48AF-A8F5-2AF9C8B5C109}"
EndProject
Project("{FAE04EC0-301F-11D3-BF4B-00C04F79EFBC}") = "NewDigitalPlatform.Views", "..\NewDigitPlatform.Views\NewDigitalPlatform.Views.csproj", "{0D235902-8965-4263-BF43-2173FCBBF33A}"
EndProject
Project("{FAE04EC0-301F-11D3-BF4B-00C04F79EFBC}") = "NewDigitalPlatform.ViewModels", "..\NewDigitalPlatform.ViewModels\NewDigitalPlatform.ViewModels.csproj", "{63D5950A-4D93-4DF4-95B6-CCE04A1FD343}"
EndProject
Project("{FAE04EC0-301F-11D3-BF4B-00C04F79EFBC}") = "NewDigitalPlatform.Models", "..\NewDigitalPlatform.Models\NewDigitalPlatform.Models.csproj", "{9BA96AC6-57CD-42E7-8E22-F79819138EAA}"
EndProject
Project("{FAE04EC0-301F-11D3-BF4B-00C04F79EFBC}") = "NewDigitalPlatform.Assets", "..\NewDigitalPlatform.Assets\NewDigitalPlatform.Assets.csproj", "{582BD049-F5BE-48D3-95F2-0838798C35C8}"
EndProject
Project("{FAE04EC0-301F-11D3-BF4B-00C04F79EFBC}") = "NewDigitalPlatform.DataAssets", "..\NewDigitalPlatform.DataAssets\NewDigitalPlatform.DataAssets.csproj", "{BEFA711F-22AF-40B2-9C08-EF6A2AE401E6}"
EndProject
Global
	GlobalSection(SolutionConfigurationPlatforms) = preSolution
		Debug|Any CPU = Debug|Any CPU
		Release|Any CPU = Release|Any CPU
	EndGlobalSection
	GlobalSection(ProjectConfigurationPlatforms) = postSolution
		{AC4B4DBA-FBDB-48AF-A8F5-2AF9C8B5C109}.Debug|Any CPU.ActiveCfg = Debug|Any CPU
		{AC4B4DBA-FBDB-48AF-A8F5-2AF9C8B5C109}.Debug|Any CPU.Build.0 = Debug|Any CPU
		{AC4B4DBA-FBDB-48AF-A8F5-2AF9C8B5C109}.Release|Any CPU.ActiveCfg = Release|Any CPU
		{AC4B4DBA-FBDB-48AF-A8F5-2AF9C8B5C109}.Release|Any CPU.Build.0 = Release|Any CPU
		{0D235902-8965-4263-BF43-2173FCBBF33A}.Debug|Any CPU.ActiveCfg = Debug|Any CPU
		{0D235902-8965-4263-BF43-2173FCBBF33A}.Debug|Any CPU.Build.0 = Debug|Any CPU
		{0D235902-8965-4263-BF43-2173FCBBF33A}.Release|Any CPU.ActiveCfg = Release|Any CPU
		{0D235902-8965-4263-BF43-2173FCBBF33A}.Release|Any CPU.Build.0 = Release|Any CPU
		{63D5950A-4D93-4DF4-95B6-CCE04A1FD343}.Debug|Any CPU.ActiveCfg = Debug|Any CPU
		{63D5950A-4D93-4DF4-95B6-CCE04A1FD343}.Debug|Any CPU.Build.0 = Debug|Any CPU
		{63D5950A-4D93-4DF4-95B6-CCE04A1FD343}.Release|Any CPU.ActiveCfg = Release|Any CPU
		{63D5950A-4D93-4DF4-95B6-CCE04A1FD343}.Release|Any CPU.Build.0 = Release|Any CPU
		{9BA96AC6-57CD-42E7-8E22-F79819138EAA}.Debug|Any CPU.ActiveCfg = Debug|Any CPU
		{9BA96AC6-57CD-42E7-8E22-F79819138EAA}.Debug|Any CPU.Build.0 = Debug|Any CPU
		{9BA96AC6-57CD-42E7-8E22-F79819138EAA}.Release|Any CPU.ActiveCfg = Release|Any CPU
		{9BA96AC6-57CD-42E7-8E22-F79819138EAA}.Release|Any CPU.Build.0 = Release|Any CPU
		{582BD049-F5BE-48D3-95F2-0838798C35C8}.Debug|Any CPU.ActiveCfg = Debug|Any CPU
		{582BD049-F5BE-48D3-95F2-0838798C35C8}.Debug|Any CPU.Build.0 = Debug|Any CPU
		{582BD049-F5BE-48D3-95F2-0838798C35C8}.Release|Any CPU.ActiveCfg = Release|Any CPU
		{582BD049-F5BE-48D3-95F2-0838798C35C8}.Release|Any CPU.Build.0 = Release|Any CPU
		{BEFA711F-22AF-40B2-9C08-EF6A2AE401E6}.Debug|Any CPU.ActiveCfg = Debug|Any CPU
		{BEFA711F-22AF-40B2-9C08-EF6A2AE401E6}.Debug|Any CPU.Build.0 = Debug|Any CPU
		{BEFA711F-22AF-40B2-9C08-EF6A2AE401E6}.Release|Any CPU.ActiveCfg = Release|Any CPU
		{BEFA711F-22AF-40B2-9C08-EF6A2AE401E6}.Release|Any CPU.Build.0 = Release|Any CPU
	EndGlobalSection
	GlobalSection(SolutionProperties) = preSolution
		HideSolutionNode = FALSE
	EndGlobalSection
	GlobalSection(ExtensibilityGlobals) = postSolution
		SolutionGuid = {27A21D9A-17A8-46B0-B631-7DF6E4359D4C}
	EndGlobalSection
EndGlobal
